
Microsoft Visual Studio Solution File, Format Version 12.00
# Visual Studio Version 17
VisualStudioVersion = 17.9.34728.123
MinimumVisualStudioVersion = 10.0.40219.1
Project("{FAE04EC0-301F-11D3-BF4B-00C04F79EFBC}") = "Laboratorio 8.2", "Laboratorio 8.1\Laboratorio 8.2.csproj", "{F44059A8-E18C-4FAA-B0EF-6D6C10FD7CFE}"
EndProject
Global
	GlobalSection(SolutionConfigurationPlatforms) = preSolution
		Debug|Any CPU = Debug|Any CPU
		Release|Any CPU = Release|Any CPU
	EndGlobalSection
	GlobalSection(ProjectConfigurationPlatforms) = postSolution
		{F44059A8-E18C-4FAA-B0EF-6D6C10FD7CFE}.Debug|Any CPU.ActiveCfg = Debug|Any CPU
		{F44059A8-E18C-4FAA-B0EF-6D6C10FD7CFE}.Debug|Any CPU.Build.0 = Debug|Any CPU
		{F44059A8-E18C-4FAA-B0EF-6D6C10FD7CFE}.Release|Any CPU.ActiveCfg = Release|Any CPU
		{F44059A8-E18C-4FAA-B0EF-6D6C10FD7CFE}.Release|Any CPU.Build.0 = Release|Any CPU
	EndGlobalSection
	GlobalSection(SolutionProperties) = preSolution
		HideSolutionNode = FALSE
	EndGlobalSection
	GlobalSection(ExtensibilityGlobals) = postSolution
		SolutionGuid = {247A1393-EACF-4A07-A9D8-FEC9F4C3D100}
	EndGlobalSection
EndGlobal
